
Microsoft Visual Studio Solution File, Format Version 12.00
# Visual Studio Version 16
VisualStudioVersion = 16.0.29911.84
MinimumVisualStudioVersion = 10.0.40219.1
Project("{FAE04EC0-301F-11D3-BF4B-00C04F79EFBC}") = "WebApplication1", "WebApplication1\WebApplication1.csproj", "{9FEF1734-9FF9-4522-91D6-998D5C73E832}"
EndProject
Global
	GlobalSection(SolutionConfigurationPlatforms) = preSolution
		Debug|Any CPU = Debug|Any CPU
		Release|Any CPU = Release|Any CPU
	EndGlobalSection
	GlobalSection(ProjectConfigurationPlatforms) = postSolution
		{9FEF1734-9FF9-4522-91D6-998D5C73E832}.Debug|Any CPU.ActiveCfg = Debug|Any CPU
		{9FEF1734-9FF9-4522-91D6-998D5C73E832}.Debug|Any CPU.Build.0 = Debug|Any CPU
		{9FEF1734-9FF9-4522-91D6-998D5C73E832}.Release|Any CPU.ActiveCfg = Release|Any CPU
		{9FEF1734-9FF9-4522-91D6-998D5C73E832}.Release|Any CPU.Build.0 = Release|Any CPU
	EndGlobalSection
	GlobalSection(SolutionProperties) = preSolution
		HideSolutionNode = FALSE
	EndGlobalSection
	GlobalSection(ExtensibilityGlobals) = postSolution
		SolutionGuid = {D332BF78-1BA5-4440-A338-29C3A9381ACD}
	EndGlobalSection
EndGlobal
